
Microsoft Visual Studio Solution File, Format Version 12.00
# Visual Studio Version 16
VisualStudioVersion = 16.0.30104.148
MinimumVisualStudioVersion = 10.0.40219.1
Project("{FAE04EC0-301F-11D3-BF4B-00C04F79EFBC}") = "ASPNETCoreWebAPI_HW", "ASPNETCoreWebAPI_HW\ASPNETCoreWebAPI_HW.csproj", "{326035FE-BDD6-42EE-AD76-4E67C745D540}"
EndProject
Global
	GlobalSection(SolutionConfigurationPlatforms) = preSolution
		Debug|Any CPU = Debug|Any CPU
		Release|Any CPU = Release|Any CPU
	EndGlobalSection
	GlobalSection(ProjectConfigurationPlatforms) = postSolution
		{326035FE-BDD6-42EE-AD76-4E67C745D540}.Debug|Any CPU.ActiveCfg = Debug|Any CPU
		{326035FE-BDD6-42EE-AD76-4E67C745D540}.Debug|Any CPU.Build.0 = Debug|Any CPU
		{326035FE-BDD6-42EE-AD76-4E67C745D540}.Release|Any CPU.ActiveCfg = Release|Any CPU
		{326035FE-BDD6-42EE-AD76-4E67C745D540}.Release|Any CPU.Build.0 = Release|Any CPU
	EndGlobalSection
	GlobalSection(SolutionProperties) = preSolution
		HideSolutionNode = FALSE
	EndGlobalSection
	GlobalSection(ExtensibilityGlobals) = postSolution
		SolutionGuid = {0D39B6F0-EE42-4BE2-9AD3-DE10AF922DCC}
	EndGlobalSection
EndGlobal
